// !$*UTF8*$!
{
	archiveVersion = 1;
	classes = {
	};
	objectVersion = 77;
	objects = {

/* Begin PBXBuildFile section */
		42006EBA2EDBE5A7000F098D /* WidgetKit.framework in Frameworks */ = {isa = PBXBuildFile; fileRef = 42006EB92EDBE5A7000F098D /* WidgetKit.framework */; };
		42006EBC2EDBE5A7000F098D /* SwiftUI.framework in Frameworks */ = {isa = PBXBuildFile; fileRef = 42006EBB2EDBE5A7000F098D /* SwiftUI.framework */; };
		42006ECB2EDBE5A9000F098D /* WetBulbWidgetExtension.appex in Embed Foundation Extensions */ = {isa = PBXBuildFile; fileRef = 42006EB72EDBE5A7000F098D /* WetBulbWidgetExtension.appex */; settings = {ATTRIBUTES = (RemoveHeadersOnCopy, ); }; };
		42006EEE2EDBECB3000F098D /* WidgetKit.framework in Frameworks */ = {isa = PBXBuildFile; fileRef = 42006EB92EDBE5A7000F098D /* WidgetKit.framework */; };
		42006EEF2EDBECB3000F098D /* SwiftUI.framework in Frameworks */ = {isa = PBXBuildFile; fileRef = 42006EBB2EDBE5A7000F098D /* SwiftUI.framework */; };
/* End PBXBuildFile section */

/* Begin PBXContainerItemProxy section */
		42006EC92EDBE5A9000F098D /* PBXContainerItemProxy */ = {
			isa = PBXContainerItemProxy;
			containerPortal = 4286BCF52EDB875700019FB3 /* Project object */;
			proxyType = 1;
			remoteGlobalIDString = 42006EB62EDBE5A7000F098D;
			remoteInfo = WetBulbWidgetExtension;
		};
/* End PBXContainerItemProxy section */

/* Begin PBXCopyFilesBuildPhase section */
		42006ED02EDBE5A9000F098D /* Embed Foundation Extensions */ = {
			isa = PBXCopyFilesBuildPhase;
			buildActionMask = 2147483647;
			dstPath = "";
			dstSubfolderSpec = 13;
			files = (
				42006ECB2EDBE5A9000F098D /* WetBulbWidgetExtension.appex in Embed Foundation Extensions */,
			);
			name = "Embed Foundation Extensions";
			runOnlyForDeploymentPostprocessing = 0;
		};
/* End PBXCopyFilesBuildPhase section */

/* Begin PBXFileReference section */
		42006EB72EDBE5A7000F098D /* WetBulbWidgetExtension.appex */ = {isa = PBXFileReference; explicitFileType = "wrapper.app-extension"; includeInIndex = 0; path = WetBulbWidgetExtension.appex; sourceTree = BUILT_PRODUCTS_DIR; };
		42006EB92EDBE5A7000F098D /* WidgetKit.framework */ = {isa = PBXFileReference; lastKnownFileType = wrapper.framework; name = WidgetKit.framework; path = System/Library/Frameworks/WidgetKit.framework; sourceTree = SDKROOT; };
		42006EBB2EDBE5A7000F098D /* SwiftUI.framework */ = {isa = PBXFileReference; lastKnownFileType = wrapper.framework; name = SwiftUI.framework; path = System/Library/Frameworks/SwiftUI.framework; sourceTree = SDKROOT; };
		42006EE72EDBE6D3000F098D /* WetBulbWidgetExtension.entitlements */ = {isa = PBXFileReference; lastKnownFileType = text.plist.entitlements; path = WetBulbWidgetExtension.entitlements; sourceTree = "<group>"; };
		42006EED2EDBECB3000F098D /* WetBulbMacWidgetExtension.appex */ = {isa = PBXFileReference; explicitFileType = "wrapper.app-extension"; includeInIndex = 0; path = WetBulbMacWidgetExtension.appex; sourceTree = BUILT_PRODUCTS_DIR; };
		42006F152EDBF05E000F098D /* WetBulbMacWidgetExtension.entitlements */ = {isa = PBXFileReference; lastKnownFileType = text.plist.entitlements; path = WetBulbMacWidgetExtension.entitlements; sourceTree = "<group>"; };
		4286BCFD2EDB875700019FB3 /* WetBulb.app */ = {isa = PBXFileReference; explicitFileType = wrapper.application; includeInIndex = 0; path = WetBulb.app; sourceTree = BUILT_PRODUCTS_DIR; };
/* End PBXFileReference section */

/* Begin PBXFileSystemSynchronizedBuildFileExceptionSet section */
		42006E8B2EDB9265000F098D /* Exceptions for "WetBulb" folder in "WetBulb" target */ = {
			isa = PBXFileSystemSynchronizedBuildFileExceptionSet;
			membershipExceptions = (
				Info.plist,
			);
			target = 4286BCFC2EDB875700019FB3 /* WetBulb */;
		};
		42006ECF2EDBE5A9000F098D /* Exceptions for "WetBulbWidget" folder in "WetBulbWidgetExtension" target */ = {
			isa = PBXFileSystemSynchronizedBuildFileExceptionSet;
			membershipExceptions = (
				Info.plist,
			);
			target = 42006EB62EDBE5A7000F098D /* WetBulbWidgetExtension */;
		};
		42006EE52EDBE678000F098D /* Exceptions for "WetBulb" folder in "WetBulbWidgetExtension" target */ = {
			isa = PBXFileSystemSynchronizedBuildFileExceptionSet;
			membershipExceptions = (
				"Extensions/Color+Platform.swift",
				"Extensions/UserDefaults+Settings.swift",
				Models/ActivityLevel.swift,
				Models/SafetyLevel.swift,
				Models/WeatherData.swift,
				Services/WeatherService.swift,
				Services/WetBulbCalculator.swift,
			);
			target = 42006EB62EDBE5A7000F098D /* WetBulbWidgetExtension */;
		};
		42006EFA2EDBECB6000F098D /* Exceptions for "WetBulbMacWidget" folder in "WetBulbMacWidgetExtension" target */ = {
			isa = PBXFileSystemSynchronizedBuildFileExceptionSet;
			membershipExceptions = (
				Info.plist,
			);
			target = 42006EEC2EDBECB3000F098D /* WetBulbMacWidgetExtension */;
		};
		42006F082EDBED7C000F098D /* Exceptions for "WetBulb" folder in "WetBulbMacWidgetExtension" target */ = {
			isa = PBXFileSystemSynchronizedBuildFileExceptionSet;
			membershipExceptions = (
				"Extensions/Color+Platform.swift",
				"Extensions/UserDefaults+Settings.swift",
				Models/ActivityLevel.swift,
				Models/SafetyLevel.swift,
				Models/WeatherData.swift,
				Services/WeatherService.swift,
				Services/WetBulbCalculator.swift,
			);
			target = 42006EEC2EDBECB3000F098D /* WetBulbMacWidgetExtension */;
		};
		42006F0E2EDBEDCF000F098D /* Exceptions for "WetBulbWidget" folder in "WetBulbMacWidgetExtension" target */ = {
			isa = PBXFileSystemSynchronizedBuildFileExceptionSet;
			membershipExceptions = (
				LargeWidgetView.swift,
				MediumWidgetView.swift,
				SmallWidgetView.swift,
				WetBulbWidget.swift,
				WetBulbWidgetEntry.swift,
				WetBulbWidgetProvider.swift,
			);
			target = 42006EEC2EDBECB3000F098D /* WetBulbMacWidgetExtension */;
		};
/* End PBXFileSystemSynchronizedBuildFileExceptionSet section */

/* Begin PBXFileSystemSynchronizedRootGroup section */
		42006EBD2EDBE5A7000F098D /* WetBulbWidget */ = {
			isa = PBXFileSystemSynchronizedRootGroup;
			exceptions = (
				42006ECF2EDBE5A9000F098D /* Exceptions for "WetBulbWidget" folder in "WetBulbWidgetExtension" target */,
				42006F0E2EDBEDCF000F098D /* Exceptions for "WetBulbWidget" folder in "WetBulbMacWidgetExtension" target */,
			);
			path = WetBulbWidget;
			sourceTree = "<group>";
		};
		42006EF02EDBECB3000F098D /* WetBulbMacWidget */ = {
			isa = PBXFileSystemSynchronizedRootGroup;
			exceptions = (
				42006EFA2EDBECB6000F098D /* Exceptions for "WetBulbMacWidget" folder in "WetBulbMacWidgetExtension" target */,
			);
			path = WetBulbMacWidget;
			sourceTree = "<group>";
		};
		4286BCFF2EDB875700019FB3 /* WetBulb */ = {
			isa = PBXFileSystemSynchronizedRootGroup;
			exceptions = (
				42006E8B2EDB9265000F098D /* Exceptions for "WetBulb" folder in "WetBulb" target */,
				42006EE52EDBE678000F098D /* Exceptions for "WetBulb" folder in "WetBulbWidgetExtension" target */,
				42006F082EDBED7C000F098D /* Exceptions for "WetBulb" folder in "WetBulbMacWidgetExtension" target */,
			);
			path = WetBulb;
			sourceTree = "<group>";
		};
/* End PBXFileSystemSynchronizedRootGroup section */

/* Begin PBXFrameworksBuildPhase section */
		42006EB42EDBE5A7000F098D /* Frameworks */ = {
			isa = PBXFrameworksBuildPhase;
			buildActionMask = 2147483647;
			files = (
				42006EBC2EDBE5A7000F098D /* SwiftUI.framework in Frameworks */,
				42006EBA2EDBE5A7000F098D /* WidgetKit.framework in Frameworks */,
			);
			runOnlyForDeploymentPostprocessing = 0;
		};
		42006EEA2EDBECB3000F098D /* Frameworks */ = {
			isa = PBXFrameworksBuildPhase;
			buildActionMask = 2147483647;
			files = (
				42006EEF2EDBECB3000F098D /* SwiftUI.framework in Frameworks */,
				42006EEE2EDBECB3000F098D /* WidgetKit.framework in Frameworks */,
			);
			runOnlyForDeploymentPostprocessing = 0;
		};
		4286BCFA2EDB875700019FB3 /* Frameworks */ = {
			isa = PBXFrameworksBuildPhase;
			buildActionMask = 2147483647;
			files = (
			);
			runOnlyForDeploymentPostprocessing = 0;
		};
/* End PBXFrameworksBuildPhase section */

/* Begin PBXGroup section */
		42006EB82EDBE5A7000F098D /* Frameworks */ = {
			isa = PBXGroup;
			children = (
				42006EB92EDBE5A7000F098D /* WidgetKit.framework */,
				42006EBB2EDBE5A7000F098D /* SwiftUI.framework */,
			);
			name = Frameworks;
			sourceTree = "<group>";
		};
		4286BCF42EDB875700019FB3 = {
			isa = PBXGroup;
			children = (
				42006F152EDBF05E000F098D /* WetBulbMacWidgetExtension.entitlements */,
				42006EE72EDBE6D3000F098D /* WetBulbWidgetExtension.entitlements */,
				4286BCFF2EDB875700019FB3 /* WetBulb */,
				42006EBD2EDBE5A7000F098D /* WetBulbWidget */,
				42006EF02EDBECB3000F098D /* WetBulbMacWidget */,
				42006EB82EDBE5A7000F098D /* Frameworks */,
				4286BCFE2EDB875700019FB3 /* Products */,
			);
			sourceTree = "<group>";
		};
		4286BCFE2EDB875700019FB3 /* Products */ = {
			isa = PBXGroup;
			children = (
				4286BCFD2EDB875700019FB3 /* WetBulb.app */,
				42006EB72EDBE5A7000F098D /* WetBulbWidgetExtension.appex */,
				42006EED2EDBECB3000F098D /* WetBulbMacWidgetExtension.appex */,
			);
			name = Products;
			sourceTree = "<group>";
		};
/* End PBXGroup section */

/* Begin PBXNativeTarget section */
		42006EB62EDBE5A7000F098D /* WetBulbWidgetExtension */ = {
			isa = PBXNativeTarget;
			buildConfigurationList = 42006ECC2EDBE5A9000F098D /* Build configuration list for PBXNativeTarget "WetBulbWidgetExtension" */;
			buildPhases = (
				42006EB32EDBE5A7000F098D /* Sources */,
				42006EB42EDBE5A7000F098D /* Frameworks */,
				42006EB52EDBE5A7000F098D /* Resources */,
			);
			buildRules = (
			);
			dependencies = (
			);
			fileSystemSynchronizedGroups = (
				42006EBD2EDBE5A7000F098D /* WetBulbWidget */,
			);
			name = WetBulbWidgetExtension;
			packageProductDependencies = (
			);
			productName = WetBulbWidgetExtension;
			productReference = 42006EB72EDBE5A7000F098D /* WetBulbWidgetExtension.appex */;
			productType = "com.apple.product-type.app-extension";
		};
		42006EEC2EDBECB3000F098D /* WetBulbMacWidgetExtension */ = {
			isa = PBXNativeTarget;
			buildConfigurationList = 42006EFB2EDBECB6000F098D /* Build configuration list for PBXNativeTarget "WetBulbMacWidgetExtension" */;
			buildPhases = (
				42006EE92EDBECB3000F098D /* Sources */,
				42006EEA2EDBECB3000F098D /* Frameworks */,
				42006EEB2EDBECB3000F098D /* Resources */,
			);
			buildRules = (
			);
			dependencies = (
			);
			fileSystemSynchronizedGroups = (
				42006EF02EDBECB3000F098D /* WetBulbMacWidget */,
			);
			name = WetBulbMacWidgetExtension;
			packageProductDependencies = (
			);
			productName = WetBulbMacWidgetExtension;
			productReference = 42006EED2EDBECB3000F098D /* WetBulbMacWidgetExtension.appex */;
			productType = "com.apple.product-type.app-extension";
		};
		4286BCFC2EDB875700019FB3 /* WetBulb */ = {
			isa = PBXNativeTarget;
			buildConfigurationList = 4286BD082EDB875800019FB3 /* Build configuration list for PBXNativeTarget "WetBulb" */;
			buildPhases = (
				4286BCF92EDB875700019FB3 /* Sources */,
				4286BCFA2EDB875700019FB3 /* Frameworks */,
				4286BCFB2EDB875700019FB3 /* Resources */,
				42006ED02EDBE5A9000F098D /* Embed Foundation Extensions */,
			);
			buildRules = (
			);
			dependencies = (
				42006ECA2EDBE5A9000F098D /* PBXTargetDependency */,
			);
			fileSystemSynchronizedGroups = (
				4286BCFF2EDB875700019FB3 /* WetBulb */,
			);
			name = WetBulb;
			packageProductDependencies = (
			);
			productName = WetBulb;
			productReference = 4286BCFD2EDB875700019FB3 /* WetBulb.app */;
			productType = "com.apple.product-type.application";
		};
/* End PBXNativeTarget section */

/* Begin PBXProject section */
		4286BCF52EDB875700019FB3 /* Project object */ = {
			isa = PBXProject;
			attributes = {
				BuildIndependentTargetsInParallel = 1;
				LastSwiftUpdateCheck = 2620;
				LastUpgradeCheck = 2620;
				TargetAttributes = {
					42006EB62EDBE5A7000F098D = {
						CreatedOnToolsVersion = 26.2;
					};
					42006EEC2EDBECB3000F098D = {
						CreatedOnToolsVersion = 26.2;
					};
					4286BCFC2EDB875700019FB3 = {
						CreatedOnToolsVersion = 26.2;
					};
				};
			};
			buildConfigurationList = 4286BCF82EDB875700019FB3 /* Build configuration list for PBXProject "WetBulb" */;
			developmentRegion = en;
			hasScannedForEncodings = 0;
			knownRegions = (
				en,
				Base,
			);
			mainGroup = 4286BCF42EDB875700019FB3;
			minimizedProjectReferenceProxies = 1;
			preferredProjectObjectVersion = 77;
			productRefGroup = 4286BCFE2EDB875700019FB3 /* Products */;
			projectDirPath = "";
			projectRoot = "";
			targets = (
				4286BCFC2EDB875700019FB3 /* WetBulb */,
				42006EB62EDBE5A7000F098D /* WetBulbWidgetExtension */,
				42006EEC2EDBECB3000F098D /* WetBulbMacWidgetExtension */,
			);
		};
/* End PBXProject section */

/* Begin PBXResourcesBuildPhase section */
		42006EB52EDBE5A7000F098D /* Resources */ = {
			isa = PBXResourcesBuildPhase;
			buildActionMask = 2147483647;
			files = (
			);
			runOnlyForDeploymentPostprocessing = 0;
		};
		42006EEB2EDBECB3000F098D /* Resources */ = {
			isa = PBXResourcesBuildPhase;
			buildActionMask = 2147483647;
			files = (
			);
			runOnlyForDeploymentPostprocessing = 0;
		};
		4286BCFB2EDB875700019FB3 /* Resources */ = {
			isa = PBXResourcesBuildPhase;
			buildActionMask = 2147483647;
			files = (
			);
			runOnlyForDeploymentPostprocessing = 0;
		};
/* End PBXResourcesBuildPhase section */

/* Begin PBXSourcesBuildPhase section */
		42006EB32EDBE5A7000F098D /* Sources */ = {
			isa = PBXSourcesBuildPhase;
			buildActionMask = 2147483647;
			files = (
			);
			runOnlyForDeploymentPostprocessing = 0;
		};
		42006EE92EDBECB3000F098D /* Sources */ = {
			isa = PBXSourcesBuildPhase;
			buildActionMask = 2147483647;
			files = (
			);
			runOnlyForDeploymentPostprocessing = 0;
		};
		4286BCF92EDB875700019FB3 /* Sources */ = {
			isa = PBXSourcesBuildPhase;
			buildActionMask = 2147483647;
			files = (
			);
			runOnlyForDeploymentPostprocessing = 0;
		};
/* End PBXSourcesBuildPhase section */

/* Begin PBXTargetDependency section */
		42006ECA2EDBE5A9000F098D /* PBXTargetDependency */ = {
			isa = PBXTargetDependency;
			target = 42006EB62EDBE5A7000F098D /* WetBulbWidgetExtension */;
			targetProxy = 42006EC92EDBE5A9000F098D /* PBXContainerItemProxy */;
		};
/* End PBXTargetDependency section */

/* Begin XCBuildConfiguration section */
		42006ECD2EDBE5A9000F098D /* Debug */ = {
			isa = XCBuildConfiguration;
			buildSettings = {
				ASSETCATALOG_COMPILER_GLOBAL_ACCENT_COLOR_NAME = AccentColor;
				ASSETCATALOG_COMPILER_WIDGET_BACKGROUND_COLOR_NAME = WidgetBackground;
				CODE_SIGN_ENTITLEMENTS = WetBulbWidgetExtension.entitlements;
				CODE_SIGN_STYLE = Automatic;
				CURRENT_PROJECT_VERSION = 1;
				DEVELOPMENT_TEAM = 9Y5KRUX3GR;
				GENERATE_INFOPLIST_FILE = YES;
				INFOPLIST_FILE = WetBulbWidget/Info.plist;
				INFOPLIST_KEY_CFBundleDisplayName = WetBulbWidget;
				INFOPLIST_KEY_NSHumanReadableCopyright = "";
				LD_RUNPATH_SEARCH_PATHS = (
					"$(inherited)",
					"@executable_path/Frameworks",
					"@executable_path/../../Frameworks",
				);
				MARKETING_VERSION = 1.0;
				PRODUCT_BUNDLE_IDENTIFIER = com.joshuagilstrap.WetBulb.WetBulbWidget;
				PRODUCT_NAME = "$(TARGET_NAME)";
				SKIP_INSTALL = YES;
				STRING_CATALOG_GENERATE_SYMBOLS = YES;
				SWIFT_APPROACHABLE_CONCURRENCY = YES;
				SWIFT_EMIT_LOC_STRINGS = YES;
				SWIFT_UPCOMING_FEATURE_MEMBER_IMPORT_VISIBILITY = YES;
				SWIFT_VERSION = 5.0;
				TARGETED_DEVICE_FAMILY = "1,2";
			};
			name = Debug;
		};
		42006ECE2EDBE5A9000F098D /* Release */ = {
			isa = XCBuildConfiguration;
			buildSettings = {
				ASSETCATALOG_COMPILER_GLOBAL_ACCENT_COLOR_NAME = AccentColor;
				ASSETCATALOG_COMPILER_WIDGET_BACKGROUND_COLOR_NAME = WidgetBackground;
				CODE_SIGN_ENTITLEMENTS = WetBulbWidgetExtension.entitlements;
				CODE_SIGN_STYLE = Automatic;
				CURRENT_PROJECT_VERSION = 1;
				DEVELOPMENT_TEAM = 9Y5KRUX3GR;
				GENERATE_INFOPLIST_FILE = YES;
				INFOPLIST_FILE = WetBulbWidget/Info.plist;
				INFOPLIST_KEY_CFBundleDisplayName = WetBulbWidget;
				INFOPLIST_KEY_NSHumanReadableCopyright = "";
				LD_RUNPATH_SEARCH_PATHS = (
					"$(inherited)",
					"@executable_path/Frameworks",
					"@executable_path/../../Frameworks",
				);
				MARKETING_VERSION = 1.0;
				PRODUCT_BUNDLE_IDENTIFIER = com.joshuagilstrap.WetBulb.WetBulbWidget;
				PRODUCT_NAME = "$(TARGET_NAME)";
				SKIP_INSTALL = YES;
				STRING_CATALOG_GENERATE_SYMBOLS = YES;
				SWIFT_APPROACHABLE_CONCURRENCY = YES;
				SWIFT_EMIT_LOC_STRINGS = YES;
				SWIFT_UPCOMING_FEATURE_MEMBER_IMPORT_VISIBILITY = YES;
				SWIFT_VERSION = 5.0;
				TARGETED_DEVICE_FAMILY = "1,2";
			};
			name = Release;
		};
		42006EFC2EDBECB6000F098D /* Debug */ = {
			isa = XCBuildConfiguration;
			buildSettings = {
				ASSETCATALOG_COMPILER_GLOBAL_ACCENT_COLOR_NAME = AccentColor;
				ASSETCATALOG_COMPILER_WIDGET_BACKGROUND_COLOR_NAME = WidgetBackground;
				CODE_SIGN_ENTITLEMENTS = WetBulbMacWidgetExtension.entitlements;
				CODE_SIGN_STYLE = Automatic;
				CURRENT_PROJECT_VERSION = 1;
				DEVELOPMENT_TEAM = 9Y5KRUX3GR;
				ENABLE_APP_SANDBOX = YES;
				ENABLE_HARDENED_RUNTIME = YES;
				GENERATE_INFOPLIST_FILE = YES;
				INFOPLIST_FILE = WetBulbMacWidget/Info.plist;
				INFOPLIST_KEY_CFBundleDisplayName = WetBulbMacWidget;
				INFOPLIST_KEY_NSHumanReadableCopyright = "";
				LD_RUNPATH_SEARCH_PATHS = (
					"$(inherited)",
					"@executable_path/../Frameworks",
					"@executable_path/../../../../Frameworks",
				);
				MACOSX_DEPLOYMENT_TARGET = 26.2;
				MARKETING_VERSION = 1.0;
				PRODUCT_BUNDLE_IDENTIFIER = com.joshuagilstrap.WetBulbMacWidget;
				PRODUCT_NAME = "$(TARGET_NAME)";
				REGISTER_APP_GROUPS = YES;
				SDKROOT = macosx;
				SKIP_INSTALL = YES;
				STRING_CATALOG_GENERATE_SYMBOLS = YES;
				SWIFT_APPROACHABLE_CONCURRENCY = YES;
				SWIFT_EMIT_LOC_STRINGS = YES;
				SWIFT_UPCOMING_FEATURE_MEMBER_IMPORT_VISIBILITY = YES;
				SWIFT_VERSION = 5.0;
			};
			name = Debug;
		};
		42006EFD2EDBECB6000F098D /* Release */ = {
			isa = XCBuildConfiguration;
			buildSettings = {
				ASSETCATALOG_COMPILER_GLOBAL_ACCENT_COLOR_NAME = AccentColor;
				ASSETCATALOG_COMPILER_WIDGET_BACKGROUND_COLOR_NAME = WidgetBackground;
				CODE_SIGN_ENTITLEMENTS = WetBulbMacWidgetExtension.entitlements;
				CODE_SIGN_STYLE = Automatic;
				CURRENT_PROJECT_VERSION = 1;
				DEVELOPMENT_TEAM = 9Y5KRUX3GR;
				ENABLE_APP_SANDBOX = YES;
				ENABLE_HARDENED_RUNTIME = YES;
				GENERATE_INFOPLIST_FILE = YES;
				INFOPLIST_FILE = WetBulbMacWidget/Info.plist;
				INFOPLIST_KEY_CFBundleDisplayName = WetBulbMacWidget;
				INFOPLIST_KEY_NSHumanReadableCopyright = "";
				LD_RUNPATH_SEARCH_PATHS = (
					"$(inherited)",
					"@executable_path/../Frameworks",
					"@executable_path/../../../../Frameworks",
				);
				MACOSX_DEPLOYMENT_TARGET = 26.2;
				MARKETING_VERSION = 1.0;
				PRODUCT_BUNDLE_IDENTIFIER = com.joshuagilstrap.WetBulbMacWidget;
				PRODUCT_NAME = "$(TARGET_NAME)";
				REGISTER_APP_GROUPS = YES;
				SDKROOT = macosx;
				SKIP_INSTALL = YES;
				STRING_CATALOG_GENERATE_SYMBOLS = YES;
				SWIFT_APPROACHABLE_CONCURRENCY = YES;
				SWIFT_EMIT_LOC_STRINGS = YES;
				SWIFT_UPCOMING_FEATURE_MEMBER_IMPORT_VISIBILITY = YES;
				SWIFT_VERSION = 5.0;
			};
			name = Release;
		};
		4286BD062EDB875800019FB3 /* Debug */ = {
			isa = XCBuildConfiguration;
			buildSettings = {
				ALWAYS_SEARCH_USER_PATHS = NO;
				ASSETCATALOG_COMPILER_GENERATE_SWIFT_ASSET_SYMBOL_EXTENSIONS = YES;
				CLANG_ANALYZER_NONNULL = YES;
				CLANG_ANALYZER_NUMBER_OBJECT_CONVERSION = YES_AGGRESSIVE;
				CLANG_CXX_LANGUAGE_STANDARD = "gnu++20";
				CLANG_ENABLE_MODULES = YES;
				CLANG_ENABLE_OBJC_ARC = YES;
				CLANG_ENABLE_OBJC_WEAK = YES;
				CLANG_WARN_BLOCK_CAPTURE_AUTORELEASING = YES;
				CLANG_WARN_BOOL_CONVERSION = YES;
				CLANG_WARN_COMMA = YES;
				CLANG_WARN_CONSTANT_CONVERSION = YES;
				CLANG_WARN_DEPRECATED_OBJC_IMPLEMENTATIONS = YES;
				CLANG_WARN_DIRECT_OBJC_ISA_USAGE = YES_ERROR;
				CLANG_WARN_DOCUMENTATION_COMMENTS = YES;
				CLANG_WARN_EMPTY_BODY = YES;
				CLANG_WARN_ENUM_CONVERSION = YES;
				CLANG_WARN_INFINITE_RECURSION = YES;
				CLANG_WARN_INT_CONVERSION = YES;
				CLANG_WARN_NON_LITERAL_NULL_CONVERSION = YES;
				CLANG_WARN_OBJC_IMPLICIT_RETAIN_SELF = YES;
				CLANG_WARN_OBJC_LITERAL_CONVERSION = YES;
				CLANG_WARN_OBJC_ROOT_CLASS = YES_ERROR;
				CLANG_WARN_QUOTED_INCLUDE_IN_FRAMEWORK_HEADER = YES;
				CLANG_WARN_RANGE_LOOP_ANALYSIS = YES;
				CLANG_WARN_STRICT_PROTOTYPES = YES;
				CLANG_WARN_SUSPICIOUS_MOVE = YES;
				CLANG_WARN_UNGUARDED_AVAILABILITY = YES_AGGRESSIVE;
				CLANG_WARN_UNREACHABLE_CODE = YES;
				CLANG_WARN__DUPLICATE_METHOD_MATCH = YES;
				COPY_PHASE_STRIP = NO;
				DEBUG_INFORMATION_FORMAT = dwarf;
				DEVELOPMENT_TEAM = 9Y5KRUX3GR;
				ENABLE_STRICT_OBJC_MSGSEND = YES;
				ENABLE_TESTABILITY = YES;
				ENABLE_USER_SCRIPT_SANDBOXING = YES;
				GCC_C_LANGUAGE_STANDARD = gnu17;
				GCC_DYNAMIC_NO_PIC = NO;
				GCC_NO_COMMON_BLOCKS = YES;
				GCC_OPTIMIZATION_LEVEL = 0;
				GCC_PREPROCESSOR_DEFINITIONS = (
					"DEBUG=1",
					"$(inherited)",
				);
				GCC_WARN_64_TO_32_BIT_CONVERSION = YES;
				GCC_WARN_ABOUT_RETURN_TYPE = YES_ERROR;
				GCC_WARN_UNDECLARED_SELECTOR = YES;
				GCC_WARN_UNINITIALIZED_AUTOS = YES_AGGRESSIVE;
				GCC_WARN_UNUSED_FUNCTION = YES;
				GCC_WARN_UNUSED_VARIABLE = YES;
				IPHONEOS_DEPLOYMENT_TARGET = 26.2;
				LOCALIZATION_PREFERS_STRING_CATALOGS = YES;
				MTL_ENABLE_DEBUG_INFO = INCLUDE_SOURCE;
				MTL_FAST_MATH = YES;
				ONLY_ACTIVE_ARCH = YES;
				SDKROOT = iphoneos;
				SWIFT_ACTIVE_COMPILATION_CONDITIONS = "DEBUG $(inherited)";
				SWIFT_OPTIMIZATION_LEVEL = "-Onone";
			};
			name = Debug;
		};
		4286BD072EDB875800019FB3 /* Release */ = {
			isa = XCBuildConfiguration;
			buildSettings = {
				ALWAYS_SEARCH_USER_PATHS = NO;
				ASSETCATALOG_COMPILER_GENERATE_SWIFT_ASSET_SYMBOL_EXTENSIONS = YES;
				CLANG_ANALYZER_NONNULL = YES;
				CLANG_ANALYZER_NUMBER_OBJECT_CONVERSION = YES_AGGRESSIVE;
				CLANG_CXX_LANGUAGE_STANDARD = "gnu++20";
				CLANG_ENABLE_MODULES = YES;
				CLANG_ENABLE_OBJC_ARC = YES;
				CLANG_ENABLE_OBJC_WEAK = YES;
				CLANG_WARN_BLOCK_CAPTURE_AUTORELEASING = YES;
				CLANG_WARN_BOOL_CONVERSION = YES;
				CLANG_WARN_COMMA = YES;
				CLANG_WARN_CONSTANT_CONVERSION = YES;
				CLANG_WARN_DEPRECATED_OBJC_IMPLEMENTATIONS = YES;
				CLANG_WARN_DIRECT_OBJC_ISA_USAGE = YES_ERROR;
				CLANG_WARN_DOCUMENTATION_COMMENTS = YES;
				CLANG_WARN_EMPTY_BODY = YES;
				CLANG_WARN_ENUM_CONVERSION = YES;
				CLANG_WARN_INFINITE_RECURSION = YES;
				CLANG_WARN_INT_CONVERSION = YES;
				CLANG_WARN_NON_LITERAL_NULL_CONVERSION = YES;
				CLANG_WARN_OBJC_IMPLICIT_RETAIN_SELF = YES;
				CLANG_WARN_OBJC_LITERAL_CONVERSION = YES;
				CLANG_WARN_OBJC_ROOT_CLASS = YES_ERROR;
				CLANG_WARN_QUOTED_INCLUDE_IN_FRAMEWORK_HEADER = YES;
				CLANG_WARN_RANGE_LOOP_ANALYSIS = YES;
				CLANG_WARN_STRICT_PROTOTYPES = YES;
				CLANG_WARN_SUSPICIOUS_MOVE = YES;
				CLANG_WARN_UNGUARDED_AVAILABILITY = YES_AGGRESSIVE;
				CLANG_WARN_UNREACHABLE_CODE = YES;
				CLANG_WARN__DUPLICATE_METHOD_MATCH = YES;
				COPY_PHASE_STRIP = NO;
				DEBUG_INFORMATION_FORMAT = "dwarf-with-dsym";
				DEVELOPMENT_TEAM = 9Y5KRUX3GR;
				ENABLE_NS_ASSERTIONS = NO;
				ENABLE_STRICT_OBJC_MSGSEND = YES;
				ENABLE_USER_SCRIPT_SANDBOXING = YES;
				GCC_C_LANGUAGE_STANDARD = gnu17;
				GCC_NO_COMMON_BLOCKS = YES;
				GCC_WARN_64_TO_32_BIT_CONVERSION = YES;
				GCC_WARN_ABOUT_RETURN_TYPE = YES_ERROR;
				GCC_WARN_UNDECLARED_SELECTOR = YES;
				GCC_WARN_UNINITIALIZED_AUTOS = YES_AGGRESSIVE;
				GCC_WARN_UNUSED_FUNCTION = YES;
				GCC_WARN_UNUSED_VARIABLE = YES;
				IPHONEOS_DEPLOYMENT_TARGET = 26.2;
				LOCALIZATION_PREFERS_STRING_CATALOGS = YES;
				MTL_ENABLE_DEBUG_INFO = NO;
				MTL_FAST_MATH = YES;
				SDKROOT = iphoneos;
				SWIFT_COMPILATION_MODE = wholemodule;
				VALIDATE_PRODUCT = YES;
			};
			name = Release;
		};
		4286BD092EDB875800019FB3 /* Debug */ = {
			isa = XCBuildConfiguration;
			buildSettings = {
				ASSETCATALOG_COMPILER_APPICON_NAME = AppIcon;
				ASSETCATALOG_COMPILER_GLOBAL_ACCENT_COLOR_NAME = AccentColor;
				CODE_SIGN_ENTITLEMENTS = WetBulb/WetBulb.entitlements;
				CODE_SIGN_STYLE = Automatic;
				CURRENT_PROJECT_VERSION = 1;
				DEVELOPMENT_TEAM = 9Y5KRUX3GR;
				ENABLE_PREVIEWS = YES;
				GENERATE_INFOPLIST_FILE = YES;
				INFOPLIST_FILE = WetBulb/Info.plist;
				INFOPLIST_KEY_NSLocationWhenInUseUsageDescription = "We need your location to provide accurate wet bulb temperature for your area.";
				INFOPLIST_KEY_UIApplicationSceneManifest_Generation = YES;
				INFOPLIST_KEY_UIApplicationSupportsIndirectInputEvents = YES;
				INFOPLIST_KEY_UILaunchScreen_Generation = YES;
				INFOPLIST_KEY_UISupportedInterfaceOrientations_iPad = "UIInterfaceOrientationPortrait UIInterfaceOrientationPortraitUpsideDown UIInterfaceOrientationLandscapeLeft UIInterfaceOrientationLandscapeRight";
				INFOPLIST_KEY_UISupportedInterfaceOrientations_iPhone = "UIInterfaceOrientationPortrait UIInterfaceOrientationLandscapeLeft UIInterfaceOrientationLandscapeRight";
				LD_RUNPATH_SEARCH_PATHS = (
					"$(inherited)",
					"@executable_path/Frameworks",
				);
				MARKETING_VERSION = 1.0;
				NEW_SETTING = "";
				PRODUCT_BUNDLE_IDENTIFIER = com.joshuagilstrap.WetBulb;
				PRODUCT_NAME = "$(TARGET_NAME)";
				STRING_CATALOG_GENERATE_SYMBOLS = YES;
				SWIFT_APPROACHABLE_CONCURRENCY = YES;
				SWIFT_DEFAULT_ACTOR_ISOLATION = MainActor;
				SWIFT_EMIT_LOC_STRINGS = YES;
				SWIFT_UPCOMING_FEATURE_MEMBER_IMPORT_VISIBILITY = YES;
				SWIFT_VERSION = 5.0;
				TARGETED_DEVICE_FAMILY = "1,2";
			};
			name = Debug;
		};
		4286BD0A2EDB875800019FB3 /* Release */ = {
			isa = XCBuildConfiguration;
			buildSettings = {
				ASSETCATALOG_COMPILER_APPICON_NAME = AppIcon;
				ASSETCATALOG_COMPILER_GLOBAL_ACCENT_COLOR_NAME = AccentColor;
				CODE_SIGN_ENTITLEMENTS = WetBulb/WetBulb.entitlements;
				CODE_SIGN_STYLE = Automatic;
				CURRENT_PROJECT_VERSION = 1;
				DEVELOPMENT_TEAM = 9Y5KRUX3GR;
				ENABLE_PREVIEWS = YES;
				GENERATE_INFOPLIST_FILE = YES;
				INFOPLIST_FILE = WetBulb/Info.plist;
				INFOPLIST_KEY_NSLocationWhenInUseUsageDescription = "We need your location to provide accurate wet bulb temperature for your area.";
				INFOPLIST_KEY_UIApplicationSceneManifest_Generation = YES;
				INFOPLIST_KEY_UIApplicationSupportsIndirectInputEvents = YES;
				INFOPLIST_KEY_UILaunchScreen_Generation = YES;
				INFOPLIST_KEY_UISupportedInterfaceOrientations_iPad = "UIInterfaceOrientationPortrait UIInterfaceOrientationPortraitUpsideDown UIInterfaceOrientationLandscapeLeft UIInterfaceOrientationLandscapeRight";
				INFOPLIST_KEY_UISupportedInterfaceOrientations_iPhone = "UIInterfaceOrientationPortrait UIInterfaceOrientationLandscapeLeft UIInterfaceOrientationLandscapeRight";
				LD_RUNPATH_SEARCH_PATHS = (
					"$(inherited)",
					"@executable_path/Frameworks",
				);
				MARKETING_VERSION = 1.0;
				NEW_SETTING = "";
				PRODUCT_BUNDLE_IDENTIFIER = com.joshuagilstrap.WetBulb;
				PRODUCT_NAME = "$(TARGET_NAME)";
				STRING_CATALOG_GENERATE_SYMBOLS = YES;
				SWIFT_APPROACHABLE_CONCURRENCY = YES;
				SWIFT_DEFAULT_ACTOR_ISOLATION = MainActor;
				SWIFT_EMIT_LOC_STRINGS = YES;
				SWIFT_UPCOMING_FEATURE_MEMBER_IMPORT_VISIBILITY = YES;
				SWIFT_VERSION = 5.0;
				TARGETED_DEVICE_FAMILY = "1,2";
			};
			name = Release;
		};
/* End XCBuildConfiguration section */

/* Begin XCConfigurationList section */
		42006ECC2EDBE5A9000F098D /* Build configuration list for PBXNativeTarget "WetBulbWidgetExtension" */ = {
			isa = XCConfigurationList;
			buildConfigurations = (
				42006ECD2EDBE5A9000F098D /* Debug */,
				42006ECE2EDBE5A9000F098D /* Release */,
			);
			defaultConfigurationIsVisible = 0;
			defaultConfigurationName = Release;
		};
		42006EFB2EDBECB6000F098D /* Build configuration list for PBXNativeTarget "WetBulbMacWidgetExtension" */ = {
			isa = XCConfigurationList;
			buildConfigurations = (
				42006EFC2EDBECB6000F098D /* Debug */,
				42006EFD2EDBECB6000F098D /* Release */,
			);
			defaultConfigurationIsVisible = 0;
			defaultConfigurationName = Release;
		};
		4286BCF82EDB875700019FB3 /* Build configuration list for PBXProject "WetBulb" */ = {
			isa = XCConfigurationList;
			buildConfigurations = (
				4286BD062EDB875800019FB3 /* Debug */,
				4286BD072EDB875800019FB3 /* Release */,
			);
			defaultConfigurationIsVisible = 0;
			defaultConfigurationName = Release;
		};
		4286BD082EDB875800019FB3 /* Build configuration list for PBXNativeTarget "WetBulb" */ = {
			isa = XCConfigurationList;
			buildConfigurations = (
				4286BD092EDB875800019FB3 /* Debug */,
				4286BD0A2EDB875800019FB3 /* Release */,
			);
			defaultConfigurationIsVisible = 0;
			defaultConfigurationName = Release;
		};
/* End XCConfigurationList section */
	};
	rootObject = 4286BCF52EDB875700019FB3 /* Project object */;
}
